<Solution>
  <Folder Name="/Database/">
    <File Path="init.sql" />
  </Folder>
  <Folder Name="/Solution Items/">
    <File Path=".gitignore" />
    <File Path="README.md" />
  </Folder>
  <Project Path="RoomReservationSystem.Shared/RoomReservationSystem.Shared.csproj" />
  <Project Path="RoomReservationSystem.Web/RoomReservationSystem.Web.csproj" />
</Solution>
